# This file is autogenerated, do not edit; changes may be undone by the next 'dep ensure'.


[[projects]]
  name = "github.com/golang/mock"
  packages = ["gomock"]
  revision = "c34cdb4725f4c3844d095133c6e40e448b86589b"
  version = "v1.1.1"

[[projects]]
  branch = "master"
  name = "golang.org/x/net"
  packages = ["context"]
  revision = "57065200b4b034a1c8ad54ff77069408c2218ae6"

[solve-meta]
  analyzer-name = "dep"
  analyzer-version = 1
  inputs-digest = "28d88dc0c8aad1999abdb396fd9d68d2f04700373f4a338e4c4c22767f6f28cd"
  solver-name = "gps-cdcl"
  solver-version = 1
