github.com/golang/snappy v0.0.3 h1:fHPg5GQYlCeLIPB9BZqMVR5nR9A+IM5zcgeTdjMYmLA=
github.com/golang/snappy v0.0.3/go.mod h1:/XxbfmMg8lxefKM7IXC3fBNl/7bRcc72aCRzEWrmP2Q=
github.com/remyoudompheng/bigfft v0.0.0-20200410134404-eec4a21b6bb0 h1:OdAsTTz6OkFY5QxjkYwrChwuRruF69c169dPK26NUlk=
github.com/remyoudompheng/bigfft v0.0.0-20200410134404-eec4a21b6bb0/go.mod h1:qqbHyh8v60DhA7CoWK5oRCqLrMHRGoxYCSS9EjAz6Eo=
modernc.org/internal v1.0.0 h1:XMDsFDcBDsibbBnHB2xzljZ+B1yrOVLEFkKL2u15Glw=
modernc.org/internal v1.0.0/go.mod h1:VUD/+JAkhCpvkUitlEOnhpVxCgsBI90oTzSCRcqQVSM=
modernc.org/mathutil v1.1.1 h1:FeylZSVX8S+58VsyJlkEj2bcpdytmp9MmDKZkKx8OIE=
modernc.org/mathutil v1.1.1/go.mod h1:mZW8CKdRPY1v87qxC/wUdX5O1qDzXMP5TH3wjfpga6E=
